{
  "name": "wc1-framework",
  "version": "1.0.5",
  "lockfileVersion": 3,
  "requires": true,
  "packages": {
    "": {
      "name": "wc1-framework",
      "version": "1.0.5",
      "license": "MIT",
      "bin": {
        "wc1": "bin/wc1.js"
      },
      "engines": {
        "node": ">=18.0.0"
      }
    }
  }
}
